
Microsoft Visual Studio Solution File, Format Version 12.00
# Visual Studio Version 16
VisualStudioVersion = 16.0.31829.152
MinimumVisualStudioVersion = 10.0.40219.1
Project("{FAE04EC0-301F-11D3-BF4B-00C04F79EFBC}") = "Zadaniedomowe4", "Zadaniedomowe4\Zadaniedomowe4.csproj", "{8F3DD34B-D47A-4E3E-9961-B79630143545}"
EndProject
Global
	GlobalSection(SolutionConfigurationPlatforms) = preSolution
		Debug|Any CPU = Debug|Any CPU
		Release|Any CPU = Release|Any CPU
	EndGlobalSection
	GlobalSection(ProjectConfigurationPlatforms) = postSolution
		{8F3DD34B-D47A-4E3E-9961-B79630143545}.Debug|Any CPU.ActiveCfg = Debug|Any CPU
		{8F3DD34B-D47A-4E3E-9961-B79630143545}.Debug|Any CPU.Build.0 = Debug|Any CPU
		{8F3DD34B-D47A-4E3E-9961-B79630143545}.Release|Any CPU.ActiveCfg = Release|Any CPU
		{8F3DD34B-D47A-4E3E-9961-B79630143545}.Release|Any CPU.Build.0 = Release|Any CPU
	EndGlobalSection
	GlobalSection(SolutionProperties) = preSolution
		HideSolutionNode = FALSE
	EndGlobalSection
	GlobalSection(ExtensibilityGlobals) = postSolution
		SolutionGuid = {8B2EE789-8218-4452-82C6-00527487D923}
	EndGlobalSection
EndGlobal
