
Microsoft Visual Studio Solution File, Format Version 12.00
# Visual Studio Version 16
VisualStudioVersion = 16.0.31829.152
MinimumVisualStudioVersion = 10.0.40219.1
Project("{FAE04EC0-301F-11D3-BF4B-00C04F79EFBC}") = "Laboratorium3", "Laboratorium3\Laboratorium3.csproj", "{A1077311-D551-4025-8A6E-45A7AA0AC7F3}"
EndProject
Global
	GlobalSection(SolutionConfigurationPlatforms) = preSolution
		Debug|Any CPU = Debug|Any CPU
		Release|Any CPU = Release|Any CPU
	EndGlobalSection
	GlobalSection(ProjectConfigurationPlatforms) = postSolution
		{A1077311-D551-4025-8A6E-45A7AA0AC7F3}.Debug|Any CPU.ActiveCfg = Debug|Any CPU
		{A1077311-D551-4025-8A6E-45A7AA0AC7F3}.Debug|Any CPU.Build.0 = Debug|Any CPU
		{A1077311-D551-4025-8A6E-45A7AA0AC7F3}.Release|Any CPU.ActiveCfg = Release|Any CPU
		{A1077311-D551-4025-8A6E-45A7AA0AC7F3}.Release|Any CPU.Build.0 = Release|Any CPU
	EndGlobalSection
	GlobalSection(SolutionProperties) = preSolution
		HideSolutionNode = FALSE
	EndGlobalSection
	GlobalSection(ExtensibilityGlobals) = postSolution
		SolutionGuid = {074D2FEF-AF40-417F-97C6-D5D6180E3F07}
	EndGlobalSection
EndGlobal
