
Microsoft Visual Studio Solution File, Format Version 12.00
# Visual Studio Version 16
VisualStudioVersion = 16.0.31829.152
MinimumVisualStudioVersion = 10.0.40219.1
Project("{FAE04EC0-301F-11D3-BF4B-00C04F79EFBC}") = "Zadaniedomowe3", "Zadaniedomowe3\Zadaniedomowe3.csproj", "{4D6A8F7D-A098-436C-A1BF-6C55A8E8CFDE}"
EndProject
Project("{9A19103F-16F7-4668-BE54-9A1E7A4F7556}") = "Laboratorium3", "..\INIT-2021\Laboratorium3\Laboratorium3\Laboratorium3.csproj", "{6CF745F2-D04F-4988-AE23-AA9C90D55CEF}"
EndProject
Global
	GlobalSection(SolutionConfigurationPlatforms) = preSolution
		Debug|Any CPU = Debug|Any CPU
		Release|Any CPU = Release|Any CPU
	EndGlobalSection
	GlobalSection(ProjectConfigurationPlatforms) = postSolution
		{4D6A8F7D-A098-436C-A1BF-6C55A8E8CFDE}.Debug|Any CPU.ActiveCfg = Debug|Any CPU
		{4D6A8F7D-A098-436C-A1BF-6C55A8E8CFDE}.Debug|Any CPU.Build.0 = Debug|Any CPU
		{4D6A8F7D-A098-436C-A1BF-6C55A8E8CFDE}.Release|Any CPU.ActiveCfg = Release|Any CPU
		{4D6A8F7D-A098-436C-A1BF-6C55A8E8CFDE}.Release|Any CPU.Build.0 = Release|Any CPU
		{6CF745F2-D04F-4988-AE23-AA9C90D55CEF}.Debug|Any CPU.ActiveCfg = Debug|Any CPU
		{6CF745F2-D04F-4988-AE23-AA9C90D55CEF}.Debug|Any CPU.Build.0 = Debug|Any CPU
		{6CF745F2-D04F-4988-AE23-AA9C90D55CEF}.Release|Any CPU.ActiveCfg = Release|Any CPU
		{6CF745F2-D04F-4988-AE23-AA9C90D55CEF}.Release|Any CPU.Build.0 = Release|Any CPU
	EndGlobalSection
	GlobalSection(SolutionProperties) = preSolution
		HideSolutionNode = FALSE
	EndGlobalSection
	GlobalSection(ExtensibilityGlobals) = postSolution
		SolutionGuid = {7A4972F8-FF88-461D-8C2C-7ED9C69F35A3}
	EndGlobalSection
EndGlobal
